
Microsoft Visual Studio Solution File, Format Version 12.00
# Visual Studio Version 16
VisualStudioVersion = 16.0.28315.86
MinimumVisualStudioVersion = 10.0.40219.1
Project("{FAE04EC0-301F-11D3-BF4B-00C04F79EFBC}") = "CosmosDBWebApi", "CosmosDBWebApi\CosmosDBWebApi.csproj", "{2E734231-EF88-4EF7-83F1-69B88A900291}"
EndProject
Global
	GlobalSection(SolutionConfigurationPlatforms) = preSolution
		Debug|Any CPU = Debug|Any CPU
		Release|Any CPU = Release|Any CPU
	EndGlobalSection
	GlobalSection(ProjectConfigurationPlatforms) = postSolution
		{2E734231-EF88-4EF7-83F1-69B88A900291}.Debug|Any CPU.ActiveCfg = Debug|Any CPU
		{2E734231-EF88-4EF7-83F1-69B88A900291}.Debug|Any CPU.Build.0 = Debug|Any CPU
		{2E734231-EF88-4EF7-83F1-69B88A900291}.Release|Any CPU.ActiveCfg = Release|Any CPU
		{2E734231-EF88-4EF7-83F1-69B88A900291}.Release|Any CPU.Build.0 = Release|Any CPU
	EndGlobalSection
	GlobalSection(SolutionProperties) = preSolution
		HideSolutionNode = FALSE
	EndGlobalSection
	GlobalSection(ExtensibilityGlobals) = postSolution
		SolutionGuid = {C34775BB-ABA3-4D0E-B9F2-D4BC5E57F2B2}
	EndGlobalSection
EndGlobal
